
Microsoft Visual Studio Solution File, Format Version 12.00
# Visual Studio Version 16
VisualStudioVersion = 16.0.28803.202
MinimumVisualStudioVersion = 10.0.40219.1
Project("{FAE04EC0-301F-11D3-BF4B-00C04F79EFBC}") = "KK_ExperienceLogic", "KK_ExperienceLogic\KK_ExperienceLogic.csproj", "{360DD3AA-F65A-4FEA-B375-0DB6316A518B}"
EndProject
Global
	GlobalSection(SolutionConfigurationPlatforms) = preSolution
		Debug|Any CPU = Debug|Any CPU
		Release|Any CPU = Release|Any CPU
	EndGlobalSection
	GlobalSection(ProjectConfigurationPlatforms) = postSolution
		{360DD3AA-F65A-4FEA-B375-0DB6316A518B}.Debug|Any CPU.ActiveCfg = Debug|Any CPU
		{360DD3AA-F65A-4FEA-B375-0DB6316A518B}.Debug|Any CPU.Build.0 = Debug|Any CPU
		{360DD3AA-F65A-4FEA-B375-0DB6316A518B}.Release|Any CPU.ActiveCfg = Release|Any CPU
		{360DD3AA-F65A-4FEA-B375-0DB6316A518B}.Release|Any CPU.Build.0 = Release|Any CPU
	EndGlobalSection
	GlobalSection(SolutionProperties) = preSolution
		HideSolutionNode = FALSE
	EndGlobalSection
	GlobalSection(ExtensibilityGlobals) = postSolution
		SolutionGuid = {C54483B5-4934-440D-BB0E-4F50568C2F84}
	EndGlobalSection
EndGlobal
